
Microsoft Visual Studio Solution File, Format Version 12.00
# Visual Studio Version 17
VisualStudioVersion = 17.3.32929.385
MinimumVisualStudioVersion = 10.0.40219.1
Project("{9A19103F-16F7-4668-BE54-9A1E7A4F7556}") = "ConsoleApp42", "ConsoleApp42.csproj", "{774EAD42-C52F-4292-9DB9-F73ECF8DF918}"
EndProject
Project("{9A19103F-16F7-4668-BE54-9A1E7A4F7556}") = "TestPasswor", "..\TestPasswor\TestPasswor.csproj", "{52527703-F69F-4922-91FF-DA07CB6A4A9E}"
EndProject
Global
	GlobalSection(SolutionConfigurationPlatforms) = preSolution
		Debug|Any CPU = Debug|Any CPU
		Release|Any CPU = Release|Any CPU
	EndGlobalSection
	GlobalSection(ProjectConfigurationPlatforms) = postSolution
		{774EAD42-C52F-4292-9DB9-F73ECF8DF918}.Debug|Any CPU.ActiveCfg = Debug|Any CPU
		{774EAD42-C52F-4292-9DB9-F73ECF8DF918}.Debug|Any CPU.Build.0 = Debug|Any CPU
		{774EAD42-C52F-4292-9DB9-F73ECF8DF918}.Release|Any CPU.ActiveCfg = Release|Any CPU
		{774EAD42-C52F-4292-9DB9-F73ECF8DF918}.Release|Any CPU.Build.0 = Release|Any CPU
		{52527703-F69F-4922-91FF-DA07CB6A4A9E}.Debug|Any CPU.ActiveCfg = Debug|Any CPU
		{52527703-F69F-4922-91FF-DA07CB6A4A9E}.Debug|Any CPU.Build.0 = Debug|Any CPU
		{52527703-F69F-4922-91FF-DA07CB6A4A9E}.Release|Any CPU.ActiveCfg = Release|Any CPU
		{52527703-F69F-4922-91FF-DA07CB6A4A9E}.Release|Any CPU.Build.0 = Release|Any CPU
	EndGlobalSection
	GlobalSection(SolutionProperties) = preSolution
		HideSolutionNode = FALSE
	EndGlobalSection
	GlobalSection(ExtensibilityGlobals) = postSolution
		SolutionGuid = {B9DBDFBE-B211-47A5-8650-F1B9C9E3E4F4}
	EndGlobalSection
EndGlobal
